// !$*UTF8*$!
{
	archiveVersion = 1;
	classes = {
	};
	objectVersion = 52;
	objects = {

/* Begin PBXBuildFile section */
		1344A6B355266BBF43562D43 /* Pods_FlixTests.framework in Frameworks */ = {isa = PBXBuildFile; fileRef = 0A41D3D7118C3CC409FDE3E8 /* Pods_FlixTests.framework */; };
		191EDB0130A9FAAE4E8A5972 /* Pods_Flix_FlixUITests.framework in Frameworks */ = {isa = PBXBuildFile; fileRef = 54D2251135CF953DDD7ECF63 /* Pods_Flix_FlixUITests.framework */; };
		B08BA7272691607A00F24AA9 /* AppDelegate.swift in Sources */ = {isa = PBXBuildFile; fileRef = B08BA7262691607A00F24AA9 /* AppDelegate.swift */; };
		B08BA7292691607A00F24AA9 /* SceneDelegate.swift in Sources */ = {isa = PBXBuildFile; fileRef = B08BA7282691607A00F24AA9 /* SceneDelegate.swift */; };
		B08BA72E2691607A00F24AA9 /* Main.storyboard in Resources */ = {isa = PBXBuildFile; fileRef = B08BA72C2691607A00F24AA9 /* Main.storyboard */; };
		B08BA7302691607E00F24AA9 /* Assets.xcassets in Resources */ = {isa = PBXBuildFile; fileRef = B08BA72F2691607E00F24AA9 /* Assets.xcassets */; };
		B08BA7332691607E00F24AA9 /* LaunchScreen.storyboard in Resources */ = {isa = PBXBuildFile; fileRef = B08BA7312691607E00F24AA9 /* LaunchScreen.storyboard */; };
		B08BA73E2691607F00F24AA9 /* FlixTests.swift in Sources */ = {isa = PBXBuildFile; fileRef = B08BA73D2691607F00F24AA9 /* FlixTests.swift */; };
		B08BA7492691607F00F24AA9 /* FlixUITests.swift in Sources */ = {isa = PBXBuildFile; fileRef = B08BA7482691607F00F24AA9 /* FlixUITests.swift */; };
		B08BA757269161E800F24AA9 /* MoviesViewController.swift in Sources */ = {isa = PBXBuildFile; fileRef = B08BA756269161E800F24AA9 /* MoviesViewController.swift */; };
		B0BFBF1F2694DB9A00637909 /* MovieCell.swift in Sources */ = {isa = PBXBuildFile; fileRef = B0BFBF1E2694DB9900637909 /* MovieCell.swift */; };
		B0BFBF222694E1A300637909 /* AlamofireImage in Frameworks */ = {isa = PBXBuildFile; productRef = B0BFBF212694E1A300637909 /* AlamofireImage */; };
		D66D5C9C0ED94E9A9B616A5D /* Pods_Flix.framework in Frameworks */ = {isa = PBXBuildFile; fileRef = 4F8397FB714B864036195C98 /* Pods_Flix.framework */; };
/* End PBXBuildFile section */

/* Begin PBXContainerItemProxy section */
		B08BA73A2691607F00F24AA9 /* PBXContainerItemProxy */ = {
			isa = PBXContainerItemProxy;
			containerPortal = B08BA71B2691607A00F24AA9 /* Project object */;
			proxyType = 1;
			remoteGlobalIDString = B08BA7222691607A00F24AA9;
			remoteInfo = Flix;
		};
		B08BA7452691607F00F24AA9 /* PBXContainerItemProxy */ = {
			isa = PBXContainerItemProxy;
			containerPortal = B08BA71B2691607A00F24AA9 /* Project object */;
			proxyType = 1;
			remoteGlobalIDString = B08BA7222691607A00F24AA9;
			remoteInfo = Flix;
		};
/* End PBXContainerItemProxy section */

/* Begin PBXFileReference section */
		0A41D3D7118C3CC409FDE3E8 /* Pods_FlixTests.framework */ = {isa = PBXFileReference; explicitFileType = wrapper.framework; includeInIndex = 0; path = Pods_FlixTests.framework; sourceTree = BUILT_PRODUCTS_DIR; };
		0D794363339556A4654C806D /* Pods-FlixTests.release.xcconfig */ = {isa = PBXFileReference; includeInIndex = 1; lastKnownFileType = text.xcconfig; name = "Pods-FlixTests.release.xcconfig"; path = "Target Support Files/Pods-FlixTests/Pods-FlixTests.release.xcconfig"; sourceTree = "<group>"; };
		0F371A0C5A92A707B05C5E3D /* Pods-FlixTests.debug.xcconfig */ = {isa = PBXFileReference; includeInIndex = 1; lastKnownFileType = text.xcconfig; name = "Pods-FlixTests.debug.xcconfig"; path = "Target Support Files/Pods-FlixTests/Pods-FlixTests.debug.xcconfig"; sourceTree = "<group>"; };
		4A5B1B6051B3C26D238C585E /* Pods-Flix.release.xcconfig */ = {isa = PBXFileReference; includeInIndex = 1; lastKnownFileType = text.xcconfig; name = "Pods-Flix.release.xcconfig"; path = "Target Support Files/Pods-Flix/Pods-Flix.release.xcconfig"; sourceTree = "<group>"; };
		4F8397FB714B864036195C98 /* Pods_Flix.framework */ = {isa = PBXFileReference; explicitFileType = wrapper.framework; includeInIndex = 0; path = Pods_Flix.framework; sourceTree = BUILT_PRODUCTS_DIR; };
		54D2251135CF953DDD7ECF63 /* Pods_Flix_FlixUITests.framework */ = {isa = PBXFileReference; explicitFileType = wrapper.framework; includeInIndex = 0; path = Pods_Flix_FlixUITests.framework; sourceTree = BUILT_PRODUCTS_DIR; };
		7F4297DBF8A965C6ACAE8026 /* Pods-Flix-FlixUITests.release.xcconfig */ = {isa = PBXFileReference; includeInIndex = 1; lastKnownFileType = text.xcconfig; name = "Pods-Flix-FlixUITests.release.xcconfig"; path = "Target Support Files/Pods-Flix-FlixUITests/Pods-Flix-FlixUITests.release.xcconfig"; sourceTree = "<group>"; };
		95932B94A0DB83A17B10C9F4 /* Pods-Flix-FlixUITests.debug.xcconfig */ = {isa = PBXFileReference; includeInIndex = 1; lastKnownFileType = text.xcconfig; name = "Pods-Flix-FlixUITests.debug.xcconfig"; path = "Target Support Files/Pods-Flix-FlixUITests/Pods-Flix-FlixUITests.debug.xcconfig"; sourceTree = "<group>"; };
		B08BA7232691607A00F24AA9 /* Flix.app */ = {isa = PBXFileReference; explicitFileType = wrapper.application; includeInIndex = 0; path = Flix.app; sourceTree = BUILT_PRODUCTS_DIR; };
		B08BA7262691607A00F24AA9 /* AppDelegate.swift */ = {isa = PBXFileReference; lastKnownFileType = sourcecode.swift; path = AppDelegate.swift; sourceTree = "<group>"; };
		B08BA7282691607A00F24AA9 /* SceneDelegate.swift */ = {isa = PBXFileReference; lastKnownFileType = sourcecode.swift; path = SceneDelegate.swift; sourceTree = "<group>"; };
		B08BA72D2691607A00F24AA9 /* Base */ = {isa = PBXFileReference; lastKnownFileType = file.storyboard; name = Base; path = Base.lproj/Main.storyboard; sourceTree = "<group>"; };
		B08BA72F2691607E00F24AA9 /* Assets.xcassets */ = {isa = PBXFileReference; lastKnownFileType = folder.assetcatalog; path = Assets.xcassets; sourceTree = "<group>"; };
		B08BA7322691607E00F24AA9 /* Base */ = {isa = PBXFileReference; lastKnownFileType = file.storyboard; name = Base; path = Base.lproj/LaunchScreen.storyboard; sourceTree = "<group>"; };
		B08BA7342691607E00F24AA9 /* Info.plist */ = {isa = PBXFileReference; lastKnownFileType = text.plist.xml; path = Info.plist; sourceTree = "<group>"; };
		B08BA7392691607F00F24AA9 /* FlixTests.xctest */ = {isa = PBXFileReference; explicitFileType = wrapper.cfbundle; includeInIndex = 0; path = FlixTests.xctest; sourceTree = BUILT_PRODUCTS_DIR; };
		B08BA73D2691607F00F24AA9 /* FlixTests.swift */ = {isa = PBXFileReference; lastKnownFileType = sourcecode.swift; path = FlixTests.swift; sourceTree = "<group>"; };
		B08BA73F2691607F00F24AA9 /* Info.plist */ = {isa = PBXFileReference; lastKnownFileType = text.plist.xml; path = Info.plist; sourceTree = "<group>"; };
		B08BA7442691607F00F24AA9 /* FlixUITests.xctest */ = {isa = PBXFileReference; explicitFileType = wrapper.cfbundle; includeInIndex = 0; path = FlixUITests.xctest; sourceTree = BUILT_PRODUCTS_DIR; };
		B08BA7482691607F00F24AA9 /* FlixUITests.swift */ = {isa = PBXFileReference; lastKnownFileType = sourcecode.swift; path = FlixUITests.swift; sourceTree = "<group>"; };
		B08BA74A2691607F00F24AA9 /* Info.plist */ = {isa = PBXFileReference; lastKnownFileType = text.plist.xml; path = Info.plist; sourceTree = "<group>"; };
		B08BA756269161E800F24AA9 /* MoviesViewController.swift */ = {isa = PBXFileReference; lastKnownFileType = sourcecode.swift; path = MoviesViewController.swift; sourceTree = "<group>"; };
		B0BFBF1E2694DB9900637909 /* MovieCell.swift */ = {isa = PBXFileReference; lastKnownFileType = sourcecode.swift; path = MovieCell.swift; sourceTree = "<group>"; };
		D4219B36A098717793722A94 /* Pods-Flix.debug.xcconfig */ = {isa = PBXFileReference; includeInIndex = 1; lastKnownFileType = text.xcconfig; name = "Pods-Flix.debug.xcconfig"; path = "Target Support Files/Pods-Flix/Pods-Flix.debug.xcconfig"; sourceTree = "<group>"; };
/* End PBXFileReference section */

/* Begin PBXFrameworksBuildPhase section */
		B08BA7202691607A00F24AA9 /* Frameworks */ = {
			isa = PBXFrameworksBuildPhase;
			buildActionMask = 2147483647;
			files = (
				B0BFBF222694E1A300637909 /* AlamofireImage in Frameworks */,
				D66D5C9C0ED94E9A9B616A5D /* Pods_Flix.framework in Frameworks */,
			);
			runOnlyForDeploymentPostprocessing = 0;
		};
		B08BA7362691607F00F24AA9 /* Frameworks */ = {
			isa = PBXFrameworksBuildPhase;
			buildActionMask = 2147483647;
			files = (
				1344A6B355266BBF43562D43 /* Pods_FlixTests.framework in Frameworks */,
			);
			runOnlyForDeploymentPostprocessing = 0;
		};
		B08BA7412691607F00F24AA9 /* Frameworks */ = {
			isa = PBXFrameworksBuildPhase;
			buildActionMask = 2147483647;
			files = (
				191EDB0130A9FAAE4E8A5972 /* Pods_Flix_FlixUITests.framework in Frameworks */,
			);
			runOnlyForDeploymentPostprocessing = 0;
		};
/* End PBXFrameworksBuildPhase section */

/* Begin PBXGroup section */
		0A49C949FC5ACBD98026FDC0 /* Pods */ = {
			isa = PBXGroup;
			children = (
				D4219B36A098717793722A94 /* Pods-Flix.debug.xcconfig */,
				4A5B1B6051B3C26D238C585E /* Pods-Flix.release.xcconfig */,
				95932B94A0DB83A17B10C9F4 /* Pods-Flix-FlixUITests.debug.xcconfig */,
				7F4297DBF8A965C6ACAE8026 /* Pods-Flix-FlixUITests.release.xcconfig */,
				0F371A0C5A92A707B05C5E3D /* Pods-FlixTests.debug.xcconfig */,
				0D794363339556A4654C806D /* Pods-FlixTests.release.xcconfig */,
			);
			name = Pods;
			path = Pods;
			sourceTree = "<group>";
		};
		21BD0B493FC6161519D5AD3A /* Frameworks */ = {
			isa = PBXGroup;
			children = (
				4F8397FB714B864036195C98 /* Pods_Flix.framework */,
				54D2251135CF953DDD7ECF63 /* Pods_Flix_FlixUITests.framework */,
				0A41D3D7118C3CC409FDE3E8 /* Pods_FlixTests.framework */,
			);
			name = Frameworks;
			sourceTree = "<group>";
		};
		B08BA71A2691607A00F24AA9 = {
			isa = PBXGroup;
			children = (
				B08BA7252691607A00F24AA9 /* Flix */,
				B08BA73C2691607F00F24AA9 /* FlixTests */,
				B08BA7472691607F00F24AA9 /* FlixUITests */,
				B08BA7242691607A00F24AA9 /* Products */,
				0A49C949FC5ACBD98026FDC0 /* Pods */,
				21BD0B493FC6161519D5AD3A /* Frameworks */,
			);
			sourceTree = "<group>";
		};
		B08BA7242691607A00F24AA9 /* Products */ = {
			isa = PBXGroup;
			children = (
				B08BA7232691607A00F24AA9 /* Flix.app */,
				B08BA7392691607F00F24AA9 /* FlixTests.xctest */,
				B08BA7442691607F00F24AA9 /* FlixUITests.xctest */,
			);
			name = Products;
			sourceTree = "<group>";
		};
		B08BA7252691607A00F24AA9 /* Flix */ = {
			isa = PBXGroup;
			children = (
				B08BA7262691607A00F24AA9 /* AppDelegate.swift */,
				B08BA7282691607A00F24AA9 /* SceneDelegate.swift */,
				B08BA72C2691607A00F24AA9 /* Main.storyboard */,
				B08BA72F2691607E00F24AA9 /* Assets.xcassets */,
				B08BA7312691607E00F24AA9 /* LaunchScreen.storyboard */,
				B08BA7342691607E00F24AA9 /* Info.plist */,
				B08BA756269161E800F24AA9 /* MoviesViewController.swift */,
				B0BFBF1E2694DB9900637909 /* MovieCell.swift */,
			);
			path = Flix;
			sourceTree = "<group>";
		};
		B08BA73C2691607F00F24AA9 /* FlixTests */ = {
			isa = PBXGroup;
			children = (
				B08BA73D2691607F00F24AA9 /* FlixTests.swift */,
				B08BA73F2691607F00F24AA9 /* Info.plist */,
			);
			path = FlixTests;
			sourceTree = "<group>";
		};
		B08BA7472691607F00F24AA9 /* FlixUITests */ = {
			isa = PBXGroup;
			children = (
				B08BA7482691607F00F24AA9 /* FlixUITests.swift */,
				B08BA74A2691607F00F24AA9 /* Info.plist */,
			);
			path = FlixUITests;
			sourceTree = "<group>";
		};
/* End PBXGroup section */

/* Begin PBXNativeTarget section */
		B08BA7222691607A00F24AA9 /* Flix */ = {
			isa = PBXNativeTarget;
			buildConfigurationList = B08BA74D2691607F00F24AA9 /* Build configuration list for PBXNativeTarget "Flix" */;
			buildPhases = (
				00C1E5F083A5039355458F6E /* [CP] Check Pods Manifest.lock */,
				B08BA71F2691607A00F24AA9 /* Sources */,
				B08BA7202691607A00F24AA9 /* Frameworks */,
				B08BA7212691607A00F24AA9 /* Resources */,
				8010BC44DD9C22593605BCE7 /* [CP] Embed Pods Frameworks */,
			);
			buildRules = (
			);
			dependencies = (
			);
			name = Flix;
			packageProductDependencies = (
				B0BFBF212694E1A300637909 /* AlamofireImage */,
			);
			productName = Flix;
			productReference = B08BA7232691607A00F24AA9 /* Flix.app */;
			productType = "com.apple.product-type.application";
		};
		B08BA7382691607F00F24AA9 /* FlixTests */ = {
			isa = PBXNativeTarget;
			buildConfigurationList = B08BA7502691607F00F24AA9 /* Build configuration list for PBXNativeTarget "FlixTests" */;
			buildPhases = (
				62DCBD5B3E05DC67B94C88EF /* [CP] Check Pods Manifest.lock */,
				B08BA7352691607F00F24AA9 /* Sources */,
				B08BA7362691607F00F24AA9 /* Frameworks */,
				B08BA7372691607F00F24AA9 /* Resources */,
			);
			buildRules = (
			);
			dependencies = (
				B08BA73B2691607F00F24AA9 /* PBXTargetDependency */,
			);
			name = FlixTests;
			productName = FlixTests;
			productReference = B08BA7392691607F00F24AA9 /* FlixTests.xctest */;
			productType = "com.apple.product-type.bundle.unit-test";
		};
		B08BA7432691607F00F24AA9 /* FlixUITests */ = {
			isa = PBXNativeTarget;
			buildConfigurationList = B08BA7532691607F00F24AA9 /* Build configuration list for PBXNativeTarget "FlixUITests" */;
			buildPhases = (
				BE6CDE26E8D45C0675941176 /* [CP] Check Pods Manifest.lock */,
				B08BA7402691607F00F24AA9 /* Sources */,
				B08BA7412691607F00F24AA9 /* Frameworks */,
				B08BA7422691607F00F24AA9 /* Resources */,
				61CA7D1B5E6ED167878947A4 /* [CP] Embed Pods Frameworks */,
			);
			buildRules = (
			);
			dependencies = (
				B08BA7462691607F00F24AA9 /* PBXTargetDependency */,
			);
			name = FlixUITests;
			productName = FlixUITests;
			productReference = B08BA7442691607F00F24AA9 /* FlixUITests.xctest */;
			productType = "com.apple.product-type.bundle.ui-testing";
		};
/* End PBXNativeTarget section */

/* Begin PBXProject section */
		B08BA71B2691607A00F24AA9 /* Project object */ = {
			isa = PBXProject;
			attributes = {
				LastSwiftUpdateCheck = 1250;
				LastUpgradeCheck = 1250;
				TargetAttributes = {
					B08BA7222691607A00F24AA9 = {
						CreatedOnToolsVersion = 12.5;
					};
					B08BA7382691607F00F24AA9 = {
						CreatedOnToolsVersion = 12.5;
						TestTargetID = B08BA7222691607A00F24AA9;
					};
					B08BA7432691607F00F24AA9 = {
						CreatedOnToolsVersion = 12.5;
						TestTargetID = B08BA7222691607A00F24AA9;
					};
				};
			};
			buildConfigurationList = B08BA71E2691607A00F24AA9 /* Build configuration list for PBXProject "Flix" */;
			compatibilityVersion = "Xcode 9.3";
			developmentRegion = en;
			hasScannedForEncodings = 0;
			knownRegions = (
				en,
				Base,
			);
			mainGroup = B08BA71A2691607A00F24AA9;
			packageReferences = (
				B0BFBF202694E1A300637909 /* XCRemoteSwiftPackageReference "AlamofireImage" */,
			);
			productRefGroup = B08BA7242691607A00F24AA9 /* Products */;
			projectDirPath = "";
			projectRoot = "";
			targets = (
				B08BA7222691607A00F24AA9 /* Flix */,
				B08BA7382691607F00F24AA9 /* FlixTests */,
				B08BA7432691607F00F24AA9 /* FlixUITests */,
			);
		};
/* End PBXProject section */

/* Begin PBXResourcesBuildPhase section */
		B08BA7212691607A00F24AA9 /* Resources */ = {
			isa = PBXResourcesBuildPhase;
			buildActionMask = 2147483647;
			files = (
				B08BA7332691607E00F24AA9 /* LaunchScreen.storyboard in Resources */,
				B08BA7302691607E00F24AA9 /* Assets.xcassets in Resources */,
				B08BA72E2691607A00F24AA9 /* Main.storyboard in Resources */,
			);
			runOnlyForDeploymentPostprocessing = 0;
		};
		B08BA7372691607F00F24AA9 /* Resources */ = {
			isa = PBXResourcesBuildPhase;
			buildActionMask = 2147483647;
			files = (
			);
			runOnlyForDeploymentPostprocessing = 0;
		};
		B08BA7422691607F00F24AA9 /* Resources */ = {
			isa = PBXResourcesBuildPhase;
			buildActionMask = 2147483647;
			files = (
			);
			runOnlyForDeploymentPostprocessing = 0;
		};
/* End PBXResourcesBuildPhase section */

/* Begin PBXShellScriptBuildPhase section */
		00C1E5F083A5039355458F6E /* [CP] Check Pods Manifest.lock */ = {
			isa = PBXShellScriptBuildPhase;
			buildActionMask = 2147483647;
			files = (
			);
			inputFileListPaths = (
			);
			inputPaths = (
				"${PODS_PODFILE_DIR_PATH}/Podfile.lock",
				"${PODS_ROOT}/Manifest.lock",
			);
			name = "[CP] Check Pods Manifest.lock";
			outputFileListPaths = (
			);
			outputPaths = (
				"$(DERIVED_FILE_DIR)/Pods-Flix-checkManifestLockResult.txt",
			);
			runOnlyForDeploymentPostprocessing = 0;
			shellPath = /bin/sh;
			shellScript = "diff \"${PODS_PODFILE_DIR_PATH}/Podfile.lock\" \"${PODS_ROOT}/Manifest.lock\" > /dev/null\nif [ $? != 0 ] ; then\n    # print error to STDERR\n    echo \"error: The sandbox is not in sync with the Podfile.lock. Run 'pod install' or update your CocoaPods installation.\" >&2\n    exit 1\nfi\n# This output is used by Xcode 'outputs' to avoid re-running this script phase.\necho \"SUCCESS\" > \"${SCRIPT_OUTPUT_FILE_0}\"\n";
			showEnvVarsInLog = 0;
		};
		61CA7D1B5E6ED167878947A4 /* [CP] Embed Pods Frameworks */ = {
			isa = PBXShellScriptBuildPhase;
			buildActionMask = 2147483647;
			files = (
			);
			inputFileListPaths = (
				"${PODS_ROOT}/Target Support Files/Pods-Flix-FlixUITests/Pods-Flix-FlixUITests-frameworks-${CONFIGURATION}-input-files.xcfilelist",
			);
			name = "[CP] Embed Pods Frameworks";
			outputFileListPaths = (
				"${PODS_ROOT}/Target Support Files/Pods-Flix-FlixUITests/Pods-Flix-FlixUITests-frameworks-${CONFIGURATION}-output-files.xcfilelist",
			);
			runOnlyForDeploymentPostprocessing = 0;
			shellPath = /bin/sh;
			shellScript = "\"${PODS_ROOT}/Target Support Files/Pods-Flix-FlixUITests/Pods-Flix-FlixUITests-frameworks.sh\"\n";
			showEnvVarsInLog = 0;
		};
		62DCBD5B3E05DC67B94C88EF /* [CP] Check Pods Manifest.lock */ = {
			isa = PBXShellScriptBuildPhase;
			buildActionMask = 2147483647;
			files = (
			);
			inputFileListPaths = (
			);
			inputPaths = (
				"${PODS_PODFILE_DIR_PATH}/Podfile.lock",
				"${PODS_ROOT}/Manifest.lock",
			);
			name = "[CP] Check Pods Manifest.lock";
			outputFileListPaths = (
			);
			outputPaths = (
				"$(DERIVED_FILE_DIR)/Pods-FlixTests-checkManifestLockResult.txt",
			);
			runOnlyForDeploymentPostprocessing = 0;
			shellPath = /bin/sh;
			shellScript = "diff \"${PODS_PODFILE_DIR_PATH}/Podfile.lock\" \"${PODS_ROOT}/Manifest.lock\" > /dev/null\nif [ $? != 0 ] ; then\n    # print error to STDERR\n    echo \"error: The sandbox is not in sync with the Podfile.lock. Run 'pod install' or update your CocoaPods installation.\" >&2\n    exit 1\nfi\n# This output is used by Xcode 'outputs' to avoid re-running this script phase.\necho \"SUCCESS\" > \"${SCRIPT_OUTPUT_FILE_0}\"\n";
			showEnvVarsInLog = 0;
		};
		8010BC44DD9C22593605BCE7 /* [CP] Embed Pods Frameworks */ = {
			isa = PBXShellScriptBuildPhase;
			buildActionMask = 2147483647;
			files = (
			);
			inputFileListPaths = (
				"${PODS_ROOT}/Target Support Files/Pods-Flix/Pods-Flix-frameworks-${CONFIGURATION}-input-files.xcfilelist",
			);
			name = "[CP] Embed Pods Frameworks";
			outputFileListPaths = (
				"${PODS_ROOT}/Target Support Files/Pods-Flix/Pods-Flix-frameworks-${CONFIGURATION}-output-files.xcfilelist",
			);
			runOnlyForDeploymentPostprocessing = 0;
			shellPath = /bin/sh;
			shellScript = "\"${PODS_ROOT}/Target Support Files/Pods-Flix/Pods-Flix-frameworks.sh\"\n";
			showEnvVarsInLog = 0;
		};
		BE6CDE26E8D45C0675941176 /* [CP] Check Pods Manifest.lock */ = {
			isa = PBXShellScriptBuildPhase;
			buildActionMask = 2147483647;
			files = (
			);
			inputFileListPaths = (
			);
			inputPaths = (
				"${PODS_PODFILE_DIR_PATH}/Podfile.lock",
				"${PODS_ROOT}/Manifest.lock",
			);
			name = "[CP] Check Pods Manifest.lock";
			outputFileListPaths = (
			);
			outputPaths = (
				"$(DERIVED_FILE_DIR)/Pods-Flix-FlixUITests-checkManifestLockResult.txt",
			);
			runOnlyForDeploymentPostprocessing = 0;
			shellPath = /bin/sh;
			shellScript = "diff \"${PODS_PODFILE_DIR_PATH}/Podfile.lock\" \"${PODS_ROOT}/Manifest.lock\" > /dev/null\nif [ $? != 0 ] ; then\n    # print error to STDERR\n    echo \"error: The sandbox is not in sync with the Podfile.lock. Run 'pod install' or update your CocoaPods installation.\" >&2\n    exit 1\nfi\n# This output is used by Xcode 'outputs' to avoid re-running this script phase.\necho \"SUCCESS\" > \"${SCRIPT_OUTPUT_FILE_0}\"\n";
			showEnvVarsInLog = 0;
		};
/* End PBXShellScriptBuildPhase section */

/* Begin PBXSourcesBuildPhase section */
		B08BA71F2691607A00F24AA9 /* Sources */ = {
			isa = PBXSourcesBuildPhase;
			buildActionMask = 2147483647;
			files = (
				B08BA7272691607A00F24AA9 /* AppDelegate.swift in Sources */,
				B08BA7292691607A00F24AA9 /* SceneDelegate.swift in Sources */,
				B0BFBF1F2694DB9A00637909 /* MovieCell.swift in Sources */,
				B08BA757269161E800F24AA9 /* MoviesViewController.swift in Sources */,
			);
			runOnlyForDeploymentPostprocessing = 0;
		};
		B08BA7352691607F00F24AA9 /* Sources */ = {
			isa = PBXSourcesBuildPhase;
			buildActionMask = 2147483647;
			files = (
				B08BA73E2691607F00F24AA9 /* FlixTests.swift in Sources */,
			);
			runOnlyForDeploymentPostprocessing = 0;
		};
		B08BA7402691607F00F24AA9 /* Sources */ = {
			isa = PBXSourcesBuildPhase;
			buildActionMask = 2147483647;
			files = (
				B08BA7492691607F00F24AA9 /* FlixUITests.swift in Sources */,
			);
			runOnlyForDeploymentPostprocessing = 0;
		};
/* End PBXSourcesBuildPhase section */

/* Begin PBXTargetDependency section */
		B08BA73B2691607F00F24AA9 /* PBXTargetDependency */ = {
			isa = PBXTargetDependency;
			target = B08BA7222691607A00F24AA9 /* Flix */;
			targetProxy = B08BA73A2691607F00F24AA9 /* PBXContainerItemProxy */;
		};
		B08BA7462691607F00F24AA9 /* PBXTargetDependency */ = {
			isa = PBXTargetDependency;
			target = B08BA7222691607A00F24AA9 /* Flix */;
			targetProxy = B08BA7452691607F00F24AA9 /* PBXContainerItemProxy */;
		};
/* End PBXTargetDependency section */

/* Begin PBXVariantGroup section */
		B08BA72C2691607A00F24AA9 /* Main.storyboard */ = {
			isa = PBXVariantGroup;
			children = (
				B08BA72D2691607A00F24AA9 /* Base */,
			);
			name = Main.storyboard;
			sourceTree = "<group>";
		};
		B08BA7312691607E00F24AA9 /* LaunchScreen.storyboard */ = {
			isa = PBXVariantGroup;
			children = (
				B08BA7322691607E00F24AA9 /* Base */,
			);
			name = LaunchScreen.storyboard;
			sourceTree = "<group>";
		};
/* End PBXVariantGroup section */

/* Begin XCBuildConfiguration section */
		B08BA74B2691607F00F24AA9 /* Debug */ = {
			isa = XCBuildConfiguration;
			buildSettings = {
				ALWAYS_SEARCH_USER_PATHS = NO;
				CLANG_ANALYZER_NONNULL = YES;
				CLANG_ANALYZER_NUMBER_OBJECT_CONVERSION = YES_AGGRESSIVE;
				CLANG_CXX_LANGUAGE_STANDARD = "gnu++14";
				CLANG_CXX_LIBRARY = "libc++";
				CLANG_ENABLE_MODULES = YES;
				CLANG_ENABLE_OBJC_ARC = YES;
				CLANG_ENABLE_OBJC_WEAK = YES;
				CLANG_WARN_BLOCK_CAPTURE_AUTORELEASING = YES;
				CLANG_WARN_BOOL_CONVERSION = YES;
				CLANG_WARN_COMMA = YES;
				CLANG_WARN_CONSTANT_CONVERSION = YES;
				CLANG_WARN_DEPRECATED_OBJC_IMPLEMENTATIONS = YES;
				CLANG_WARN_DIRECT_OBJC_ISA_USAGE = YES_ERROR;
				CLANG_WARN_DOCUMENTATION_COMMENTS = YES;
				CLANG_WARN_EMPTY_BODY = YES;
				CLANG_WARN_ENUM_CONVERSION = YES;
				CLANG_WARN_INFINITE_RECURSION = YES;
				CLANG_WARN_INT_CONVERSION = YES;
				CLANG_WARN_NON_LITERAL_NULL_CONVERSION = YES;
				CLANG_WARN_OBJC_IMPLICIT_RETAIN_SELF = YES;
				CLANG_WARN_OBJC_LITERAL_CONVERSION = YES;
				CLANG_WARN_OBJC_ROOT_CLASS = YES_ERROR;
				CLANG_WARN_QUOTED_INCLUDE_IN_FRAMEWORK_HEADER = YES;
				CLANG_WARN_RANGE_LOOP_ANALYSIS = YES;
				CLANG_WARN_STRICT_PROTOTYPES = YES;
				CLANG_WARN_SUSPICIOUS_MOVE = YES;
				CLANG_WARN_UNGUARDED_AVAILABILITY = YES_AGGRESSIVE;
				CLANG_WARN_UNREACHABLE_CODE = YES;
				CLANG_WARN__DUPLICATE_METHOD_MATCH = YES;
				COPY_PHASE_STRIP = NO;
				DEBUG_INFORMATION_FORMAT = dwarf;
				ENABLE_STRICT_OBJC_MSGSEND = YES;
				ENABLE_TESTABILITY = YES;
				GCC_C_LANGUAGE_STANDARD = gnu11;
				GCC_DYNAMIC_NO_PIC = NO;
				GCC_NO_COMMON_BLOCKS = YES;
				GCC_OPTIMIZATION_LEVEL = 0;
				GCC_PREPROCESSOR_DEFINITIONS = (
					"DEBUG=1",
					"$(inherited)",
				);
				GCC_WARN_64_TO_32_BIT_CONVERSION = YES;
				GCC_WARN_ABOUT_RETURN_TYPE = YES_ERROR;
				GCC_WARN_UNDECLARED_SELECTOR = YES;
				GCC_WARN_UNINITIALIZED_AUTOS = YES_AGGRESSIVE;
				GCC_WARN_UNUSED_FUNCTION = YES;
				GCC_WARN_UNUSED_VARIABLE = YES;
				IPHONEOS_DEPLOYMENT_TARGET = 14.5;
				MTL_ENABLE_DEBUG_INFO = INCLUDE_SOURCE;
				MTL_FAST_MATH = YES;
				ONLY_ACTIVE_ARCH = YES;
				SDKROOT = iphoneos;
				SWIFT_ACTIVE_COMPILATION_CONDITIONS = DEBUG;
				SWIFT_OPTIMIZATION_LEVEL = "-Onone";
			};
			name = Debug;
		};
		B08BA74C2691607F00F24AA9 /* Release */ = {
			isa = XCBuildConfiguration;
			buildSettings = {
				ALWAYS_SEARCH_USER_PATHS = NO;
				CLANG_ANALYZER_NONNULL = YES;
				CLANG_ANALYZER_NUMBER_OBJECT_CONVERSION = YES_AGGRESSIVE;
				CLANG_CXX_LANGUAGE_STANDARD = "gnu++14";
				CLANG_CXX_LIBRARY = "libc++";
				CLANG_ENABLE_MODULES = YES;
				CLANG_ENABLE_OBJC_ARC = YES;
				CLANG_ENABLE_OBJC_WEAK = YES;
				CLANG_WARN_BLOCK_CAPTURE_AUTORELEASING = YES;
				CLANG_WARN_BOOL_CONVERSION = YES;
				CLANG_WARN_COMMA = YES;
				CLANG_WARN_CONSTANT_CONVERSION = YES;
				CLANG_WARN_DEPRECATED_OBJC_IMPLEMENTATIONS = YES;
				CLANG_WARN_DIRECT_OBJC_ISA_USAGE = YES_ERROR;
				CLANG_WARN_DOCUMENTATION_COMMENTS = YES;
				CLANG_WARN_EMPTY_BODY = YES;
				CLANG_WARN_ENUM_CONVERSION = YES;
				CLANG_WARN_INFINITE_RECURSION = YES;
				CLANG_WARN_INT_CONVERSION = YES;
				CLANG_WARN_NON_LITERAL_NULL_CONVERSION = YES;
				CLANG_WARN_OBJC_IMPLICIT_RETAIN_SELF = YES;
				CLANG_WARN_OBJC_LITERAL_CONVERSION = YES;
				CLANG_WARN_OBJC_ROOT_CLASS = YES_ERROR;
				CLANG_WARN_QUOTED_INCLUDE_IN_FRAMEWORK_HEADER = YES;
				CLANG_WARN_RANGE_LOOP_ANALYSIS = YES;
				CLANG_WARN_STRICT_PROTOTYPES = YES;
				CLANG_WARN_SUSPICIOUS_MOVE = YES;
				CLANG_WARN_UNGUARDED_AVAILABILITY = YES_AGGRESSIVE;
				CLANG_WARN_UNREACHABLE_CODE = YES;
				CLANG_WARN__DUPLICATE_METHOD_MATCH = YES;
				COPY_PHASE_STRIP = NO;
				DEBUG_INFORMATION_FORMAT = "dwarf-with-dsym";
				ENABLE_NS_ASSERTIONS = NO;
				ENABLE_STRICT_OBJC_MSGSEND = YES;
				GCC_C_LANGUAGE_STANDARD = gnu11;
				GCC_NO_COMMON_BLOCKS = YES;
				GCC_WARN_64_TO_32_BIT_CONVERSION = YES;
				GCC_WARN_ABOUT_RETURN_TYPE = YES_ERROR;
				GCC_WARN_UNDECLARED_SELECTOR = YES;
				GCC_WARN_UNINITIALIZED_AUTOS = YES_AGGRESSIVE;
				GCC_WARN_UNUSED_FUNCTION = YES;
				GCC_WARN_UNUSED_VARIABLE = YES;
				IPHONEOS_DEPLOYMENT_TARGET = 14.5;
				MTL_ENABLE_DEBUG_INFO = NO;
				MTL_FAST_MATH = YES;
				SDKROOT = iphoneos;
				SWIFT_COMPILATION_MODE = wholemodule;
				SWIFT_OPTIMIZATION_LEVEL = "-O";
				VALIDATE_PRODUCT = YES;
			};
			name = Release;
		};
		B08BA74E2691607F00F24AA9 /* Debug */ = {
			isa = XCBuildConfiguration;
			baseConfigurationReference = D4219B36A098717793722A94 /* Pods-Flix.debug.xcconfig */;
			buildSettings = {
				ASSETCATALOG_COMPILER_APPICON_NAME = AppIcon;
				ASSETCATALOG_COMPILER_GLOBAL_ACCENT_COLOR_NAME = AccentColor;
				CODE_SIGN_STYLE = Automatic;
				INFOPLIST_FILE = Flix/Info.plist;
				LD_RUNPATH_SEARCH_PATHS = (
					"$(inherited)",
					"@executable_path/Frameworks",
				);
				PRODUCT_BUNDLE_IDENTIFIER = Flores.Flix;
				PRODUCT_NAME = "$(TARGET_NAME)";
				SWIFT_VERSION = 5.0;
				TARGETED_DEVICE_FAMILY = "1,2";
			};
			name = Debug;
		};
		B08BA74F2691607F00F24AA9 /* Release */ = {
			isa = XCBuildConfiguration;
			baseConfigurationReference = 4A5B1B6051B3C26D238C585E /* Pods-Flix.release.xcconfig */;
			buildSettings = {
				ASSETCATALOG_COMPILER_APPICON_NAME = AppIcon;
				ASSETCATALOG_COMPILER_GLOBAL_ACCENT_COLOR_NAME = AccentColor;
				CODE_SIGN_STYLE = Automatic;
				INFOPLIST_FILE = Flix/Info.plist;
				LD_RUNPATH_SEARCH_PATHS = (
					"$(inherited)",
					"@executable_path/Frameworks",
				);
				PRODUCT_BUNDLE_IDENTIFIER = Flores.Flix;
				PRODUCT_NAME = "$(TARGET_NAME)";
				SWIFT_VERSION = 5.0;
				TARGETED_DEVICE_FAMILY = "1,2";
			};
			name = Release;
		};
		B08BA7512691607F00F24AA9 /* Debug */ = {
			isa = XCBuildConfiguration;
			baseConfigurationReference = 0F371A0C5A92A707B05C5E3D /* Pods-FlixTests.debug.xcconfig */;
			buildSettings = {
				ALWAYS_EMBED_SWIFT_STANDARD_LIBRARIES = YES;
				BUNDLE_LOADER = "$(TEST_HOST)";
				CODE_SIGN_STYLE = Automatic;
				INFOPLIST_FILE = FlixTests/Info.plist;
				IPHONEOS_DEPLOYMENT_TARGET = 14.5;
				LD_RUNPATH_SEARCH_PATHS = (
					"$(inherited)",
					"@executable_path/Frameworks",
					"@loader_path/Frameworks",
				);
				PRODUCT_BUNDLE_IDENTIFIER = Flores.FlixTests;
				PRODUCT_NAME = "$(TARGET_NAME)";
				SWIFT_VERSION = 5.0;
				TARGETED_DEVICE_FAMILY = "1,2";
				TEST_HOST = "$(BUILT_PRODUCTS_DIR)/Flix.app/Flix";
			};
			name = Debug;
		};
		B08BA7522691607F00F24AA9 /* Release */ = {
			isa = XCBuildConfiguration;
			baseConfigurationReference = 0D794363339556A4654C806D /* Pods-FlixTests.release.xcconfig */;
			buildSettings = {
				ALWAYS_EMBED_SWIFT_STANDARD_LIBRARIES = YES;
				BUNDLE_LOADER = "$(TEST_HOST)";
				CODE_SIGN_STYLE = Automatic;
				INFOPLIST_FILE = FlixTests/Info.plist;
				IPHONEOS_DEPLOYMENT_TARGET = 14.5;
				LD_RUNPATH_SEARCH_PATHS = (
					"$(inherited)",
					"@executable_path/Frameworks",
					"@loader_path/Frameworks",
				);
				PRODUCT_BUNDLE_IDENTIFIER = Flores.FlixTests;
				PRODUCT_NAME = "$(TARGET_NAME)";
				SWIFT_VERSION = 5.0;
				TARGETED_DEVICE_FAMILY = "1,2";
				TEST_HOST = "$(BUILT_PRODUCTS_DIR)/Flix.app/Flix";
			};
			name = Release;
		};
		B08BA7542691607F00F24AA9 /* Debug */ = {
			isa = XCBuildConfiguration;
			baseConfigurationReference = 95932B94A0DB83A17B10C9F4 /* Pods-Flix-FlixUITests.debug.xcconfig */;
			buildSettings = {
				ALWAYS_EMBED_SWIFT_STANDARD_LIBRARIES = YES;
				CODE_SIGN_STYLE = Automatic;
				INFOPLIST_FILE = FlixUITests/Info.plist;
				LD_RUNPATH_SEARCH_PATHS = (
					"$(inherited)",
					"@executable_path/Frameworks",
					"@loader_path/Frameworks",
				);
				PRODUCT_BUNDLE_IDENTIFIER = Flores.FlixUITests;
				PRODUCT_NAME = "$(TARGET_NAME)";
				SWIFT_VERSION = 5.0;
				TARGETED_DEVICE_FAMILY = "1,2";
				TEST_TARGET_NAME = Flix;
			};
			name = Debug;
		};
		B08BA7552691607F00F24AA9 /* Release */ = {
			isa = XCBuildConfiguration;
			baseConfigurationReference = 7F4297DBF8A965C6ACAE8026 /* Pods-Flix-FlixUITests.release.xcconfig */;
			buildSettings = {
				ALWAYS_EMBED_SWIFT_STANDARD_LIBRARIES = YES;
				CODE_SIGN_STYLE = Automatic;
				INFOPLIST_FILE = FlixUITests/Info.plist;
				LD_RUNPATH_SEARCH_PATHS = (
					"$(inherited)",
					"@executable_path/Frameworks",
					"@loader_path/Frameworks",
				);
				PRODUCT_BUNDLE_IDENTIFIER = Flores.FlixUITests;
				PRODUCT_NAME = "$(TARGET_NAME)";
				SWIFT_VERSION = 5.0;
				TARGETED_DEVICE_FAMILY = "1,2";
				TEST_TARGET_NAME = Flix;
			};
			name = Release;
		};
/* End XCBuildConfiguration section */

/* Begin XCConfigurationList section */
		B08BA71E2691607A00F24AA9 /* Build configuration list for PBXProject "Flix" */ = {
			isa = XCConfigurationList;
			buildConfigurations = (
				B08BA74B2691607F00F24AA9 /* Debug */,
				B08BA74C2691607F00F24AA9 /* Release */,
			);
			defaultConfigurationIsVisible = 0;
			defaultConfigurationName = Release;
		};
		B08BA74D2691607F00F24AA9 /* Build configuration list for PBXNativeTarget "Flix" */ = {
			isa = XCConfigurationList;
			buildConfigurations = (
				B08BA74E2691607F00F24AA9 /* Debug */,
				B08BA74F2691607F00F24AA9 /* Release */,
			);
			defaultConfigurationIsVisible = 0;
			defaultConfigurationName = Release;
		};
		B08BA7502691607F00F24AA9 /* Build configuration list for PBXNativeTarget "FlixTests" */ = {
			isa = XCConfigurationList;
			buildConfigurations = (
				B08BA7512691607F00F24AA9 /* Debug */,
				B08BA7522691607F00F24AA9 /* Release */,
			);
			defaultConfigurationIsVisible = 0;
			defaultConfigurationName = Release;
		};
		B08BA7532691607F00F24AA9 /* Build configuration list for PBXNativeTarget "FlixUITests" */ = {
			isa = XCConfigurationList;
			buildConfigurations = (
				B08BA7542691607F00F24AA9 /* Debug */,
				B08BA7552691607F00F24AA9 /* Release */,
			);
			defaultConfigurationIsVisible = 0;
			defaultConfigurationName = Release;
		};
/* End XCConfigurationList section */

/* Begin XCRemoteSwiftPackageReference section */
		B0BFBF202694E1A300637909 /* XCRemoteSwiftPackageReference "AlamofireImage" */ = {
			isa = XCRemoteSwiftPackageReference;
			repositoryURL = "https://github.com/Alamofire/AlamofireImage";
			requirement = {
				kind = upToNextMajorVersion;
				minimumVersion = 4.2.0;
			};
		};
/* End XCRemoteSwiftPackageReference section */

/* Begin XCSwiftPackageProductDependency section */
		B0BFBF212694E1A300637909 /* AlamofireImage */ = {
			isa = XCSwiftPackageProductDependency;
			package = B0BFBF202694E1A300637909 /* XCRemoteSwiftPackageReference "AlamofireImage" */;
			productName = AlamofireImage;
		};
/* End XCSwiftPackageProductDependency section */
	};
	rootObject = B08BA71B2691607A00F24AA9 /* Project object */;
}
